{
  "name": "print_pack",
  "version": "1.0.0",
  "lockfileVersion": 3,
  "requires": true,
  "packages": {
    "": {
      "name": "print_pack",
      "version": "1.0.0",
      "license": "ISC",
      "dependencies": {
        "coherentpdf": "^2.5.5"
      }
    },
    "node_modules/coherentpdf": {
      "version": "2.5.5",
      "resolved": "https://registry.npmjs.org/coherentpdf/-/coherentpdf-2.5.5.tgz",
      "integrity": "sha512-AAD3RG7lq2n34AtH352sbNDhJ82yfp2vFUp63/+Vu7snAqW0vyvY33XuhZdj6ubZUlFe1DNSSEaYcyc7+jTJ5Q=="
    }
  }
}
