{
  "name": "print-pack",
  "version": "1.0.0",
  "lockfileVersion": 3,
  "requires": true,
  "packages": {
    "": {
      "name": "print-pack",
      "version": "1.0.0",
      "license": "MIT",
      "dependencies": {
        "coherentpdf": "^2.5.5",
        "readline-sync": "^1.4.10"
      }
    },
    "node_modules/coherentpdf": {
      "version": "2.5.5",
      "resolved": "https://registry.npmjs.org/coherentpdf/-/coherentpdf-2.5.5.tgz",
      "integrity": "sha512-AAD3RG7lq2n34AtH352sbNDhJ82yfp2vFUp63/+Vu7snAqW0vyvY33XuhZdj6ubZUlFe1DNSSEaYcyc7+jTJ5Q=="
    },
    "node_modules/readline-sync": {
      "version": "1.4.10",
      "resolved": "https://registry.npmjs.org/readline-sync/-/readline-sync-1.4.10.tgz",
      "integrity": "sha512-gNva8/6UAe8QYepIQH/jQ2qn91Qj0B9sYjMBBs3QOB8F2CXcKgLxQaJRP76sWVRQt+QU+8fAkCbCvjjMFu7Ycw==",
      "engines": {
        "node": ">= 0.8.0"
      }
    }
  }
}
